<?xml version="1.0" encoding="utf-8"?>
<Project ToolsVersion="4.0" xmlns="http://schemas.microsoft.com/developer/msbuild/2003">
  <ItemGroup>
    <ClCompile Include="Source\Input\InputHandler.cpp" />
    <ClCompile Include="Source\Components\Component.cpp" />
    <ClCompile Include="Source\GameObject\GameObject.cpp" />
    <ClCompile Include="Source\Game\Game.cpp" />
    <ClCompile Include="Source\main.cpp" />
    <ClCompile Include="Source\Components\Transform.cpp" />
    <ClCompile Include="Source\Vector2\Vector2.cpp" />
    <ClCompile Include="Source\Maths\Maths.cpp" />
    <ClCompile Include="Source\Time\Time.cpp" />
    <ClCompile Include="Source\Collision\Collider.cpp" />
    <ClCompile Include="Source\Debugging\Debug.cpp" />
    <ClCompile Include="Source\Collision\BoxCollider.cpp" />
    <ClCompile Include="Source\Collision\CircleCollider.cpp" />
    <ClCompile Include="Source\Physics\Rigidbody.cpp" />
    <ClCompile Include="Source\AssetLoading\Asset.cpp" />
    <ClCompile Include="Source\AssetLoading\AssetHandler.cpp" />
    <ClCompile Include="Source\Color\Color.cpp" />
    <ClCompile Include="Source\Particles\Particles.cpp" />
  </ItemGroup>
  <ItemGroup>
    <ClInclude Include="Source\Input\InputHandler.h" />
    <ClInclude Include="Source\Components\Component.h" />
    <ClInclude Include="Source\GameObject\GameObject.h" />
    <ClInclude Include="Source\Game\Game.h" />
    <ClInclude Include="Source\Components\Transform.h" />
    <ClInclude Include="Source\Input\Mouse.h" />
    <ClInclude Include="Source\Debugging\MemoryLeakDetector.h" />
    <ClInclude Include="Source\Vector2\Vector2.h" />
    <ClInclude Include="Source\Maths\Maths.h" />
    <ClInclude Include="Source\Time\Time.h" />
    <ClInclude Include="Source\Collision\Collider.h" />
    <ClInclude Include="Source\Debugging\Debug.h" />
    <ClInclude Include="Source\Color\Color.h" />
    <ClInclude Include="Source\Collision\BoxCollider.h" />
    <ClInclude Include="Source\Collision\CircleCollider.h" />
    <ClInclude Include="Source\Physics\Rigidbody.h" />
    <ClInclude Include="Source\AssetLoading\Asset.h" />
    <ClInclude Include="Source\AssetLoading\AssetHandler.h" />
    <ClInclude Include="Source\Particles\Particles.h" />
  </ItemGroup>
</Project>